
Microsoft Visual Studio Solution File, Format Version 12.00
# Visual Studio 15
VisualStudioVersion = 15.0.28010.2041
MinimumVisualStudioVersion = 10.0.40219.1
Project("{9092AA53-FB77-4645-B42D-1CCCA6BD08BD}") = "Electron", "Electron\Electron.njsproj", "{5ACA0FF8-A10F-4728-9FE6-9730D04A7C19}"
EndProject
Global
	GlobalSection(SolutionConfigurationPlatforms) = preSolution
		Debug|Any CPU = Debug|Any CPU
		Release|Any CPU = Release|Any CPU
	EndGlobalSection
	GlobalSection(ProjectConfigurationPlatforms) = postSolution
		{5ACA0FF8-A10F-4728-9FE6-9730D04A7C19}.Debug|Any CPU.ActiveCfg = Debug|Any CPU
		{5ACA0FF8-A10F-4728-9FE6-9730D04A7C19}.Debug|Any CPU.Build.0 = Debug|Any CPU
		{5ACA0FF8-A10F-4728-9FE6-9730D04A7C19}.Release|Any CPU.ActiveCfg = Release|Any CPU
		{5ACA0FF8-A10F-4728-9FE6-9730D04A7C19}.Release|Any CPU.Build.0 = Release|Any CPU
	EndGlobalSection
	GlobalSection(SolutionProperties) = preSolution
		HideSolutionNode = FALSE
	EndGlobalSection
	GlobalSection(ExtensibilityGlobals) = postSolution
		SolutionGuid = {72F868D9-7E15-400F-933E-1E2A2CDDF4BA}
	EndGlobalSection
EndGlobal
